
Microsoft Visual Studio Solution File, Format Version 12.00
# Visual Studio Version 17
VisualStudioVersion = 17.14.36408.4 d17.14
MinimumVisualStudioVersion = 10.0.40219.1
Project("{FAE04EC0-301F-11D3-BF4B-00C04F79EFBC}") = "WinFormsApp1", "WinFormsApp1\WinFormsApp1.csproj", "{9AB1F283-FFF9-49E4-BC9F-61F47B7B8876}"
EndProject
Global
	GlobalSection(SolutionConfigurationPlatforms) = preSolution
		Debug|Any CPU = Debug|Any CPU
		Release|Any CPU = Release|Any CPU
	EndGlobalSection
	GlobalSection(ProjectConfigurationPlatforms) = postSolution
		{9AB1F283-FFF9-49E4-BC9F-61F47B7B8876}.Debug|Any CPU.ActiveCfg = Debug|Any CPU
		{9AB1F283-FFF9-49E4-BC9F-61F47B7B8876}.Debug|Any CPU.Build.0 = Debug|Any CPU
		{9AB1F283-FFF9-49E4-BC9F-61F47B7B8876}.Release|Any CPU.ActiveCfg = Release|Any CPU
		{9AB1F283-FFF9-49E4-BC9F-61F47B7B8876}.Release|Any CPU.Build.0 = Release|Any CPU
	EndGlobalSection
	GlobalSection(SolutionProperties) = preSolution
		HideSolutionNode = FALSE
	EndGlobalSection
	GlobalSection(ExtensibilityGlobals) = postSolution
		SolutionGuid = {2AF7E055-7D69-48BC-B8EE-D474E543B2B4}
	EndGlobalSection
EndGlobal
