
Microsoft Visual Studio Solution File, Format Version 12.00
# Visual Studio Version 17
VisualStudioVersion = 17.14.36408.4 d17.14
MinimumVisualStudioVersion = 10.0.40219.1
Project("{FAE04EC0-301F-11D3-BF4B-00C04F79EFBC}") = "WinFormsApp4", "WinFormsApp4\WinFormsApp4.csproj", "{4FB1584F-3DC5-4C6D-B18F-AD2C82992560}"
EndProject
Global
	GlobalSection(SolutionConfigurationPlatforms) = preSolution
		Debug|Any CPU = Debug|Any CPU
		Release|Any CPU = Release|Any CPU
	EndGlobalSection
	GlobalSection(ProjectConfigurationPlatforms) = postSolution
		{4FB1584F-3DC5-4C6D-B18F-AD2C82992560}.Debug|Any CPU.ActiveCfg = Debug|Any CPU
		{4FB1584F-3DC5-4C6D-B18F-AD2C82992560}.Debug|Any CPU.Build.0 = Debug|Any CPU
		{4FB1584F-3DC5-4C6D-B18F-AD2C82992560}.Release|Any CPU.ActiveCfg = Release|Any CPU
		{4FB1584F-3DC5-4C6D-B18F-AD2C82992560}.Release|Any CPU.Build.0 = Release|Any CPU
	EndGlobalSection
	GlobalSection(SolutionProperties) = preSolution
		HideSolutionNode = FALSE
	EndGlobalSection
	GlobalSection(ExtensibilityGlobals) = postSolution
		SolutionGuid = {3EECEFCE-798B-4A28-9992-61B7683BE774}
	EndGlobalSection
EndGlobal
